
Microsoft Visual Studio Solution File, Format Version 12.00
# Visual Studio Version 17
VisualStudioVersion = 17.2.32630.192
MinimumVisualStudioVersion = 10.0.40219.1
Project("{FAE04EC0-301F-11D3-BF4B-00C04F79EFBC}") = "Persons", "Persons\Persons.csproj", "{CD269B27-32F9-4661-A069-E51CBE5CA5DD}"
EndProject
Project("{FAE04EC0-301F-11D3-BF4B-00C04F79EFBC}") = "Salary", "Salary\Salary.csproj", "{728C594F-0222-4139-983D-8E9F547C1E21}"
EndProject
Project("{FAE04EC0-301F-11D3-BF4B-00C04F79EFBC}") = "Validation", "Validation\Validation.csproj", "{24F11E34-5B7C-4E78-858B-EC981F1A3635}"
EndProject
Project("{FAE04EC0-301F-11D3-BF4B-00C04F79EFBC}") = "FirstAndReserveTeam", "FirstAndReserveTeam\FirstAndReserveTeam.csproj", "{BB7DE221-74B9-48EC-9447-F45BF623268E}"
EndProject
Global
	GlobalSection(SolutionConfigurationPlatforms) = preSolution
		Debug|Any CPU = Debug|Any CPU
		Release|Any CPU = Release|Any CPU
	EndGlobalSection
	GlobalSection(ProjectConfigurationPlatforms) = postSolution
		{CD269B27-32F9-4661-A069-E51CBE5CA5DD}.Debug|Any CPU.ActiveCfg = Debug|Any CPU
		{CD269B27-32F9-4661-A069-E51CBE5CA5DD}.Debug|Any CPU.Build.0 = Debug|Any CPU
		{CD269B27-32F9-4661-A069-E51CBE5CA5DD}.Release|Any CPU.ActiveCfg = Release|Any CPU
		{CD269B27-32F9-4661-A069-E51CBE5CA5DD}.Release|Any CPU.Build.0 = Release|Any CPU
		{728C594F-0222-4139-983D-8E9F547C1E21}.Debug|Any CPU.ActiveCfg = Debug|Any CPU
		{728C594F-0222-4139-983D-8E9F547C1E21}.Debug|Any CPU.Build.0 = Debug|Any CPU
		{728C594F-0222-4139-983D-8E9F547C1E21}.Release|Any CPU.ActiveCfg = Release|Any CPU
		{728C594F-0222-4139-983D-8E9F547C1E21}.Release|Any CPU.Build.0 = Release|Any CPU
		{24F11E34-5B7C-4E78-858B-EC981F1A3635}.Debug|Any CPU.ActiveCfg = Debug|Any CPU
		{24F11E34-5B7C-4E78-858B-EC981F1A3635}.Debug|Any CPU.Build.0 = Debug|Any CPU
		{24F11E34-5B7C-4E78-858B-EC981F1A3635}.Release|Any CPU.ActiveCfg = Release|Any CPU
		{24F11E34-5B7C-4E78-858B-EC981F1A3635}.Release|Any CPU.Build.0 = Release|Any CPU
		{BB7DE221-74B9-48EC-9447-F45BF623268E}.Debug|Any CPU.ActiveCfg = Debug|Any CPU
		{BB7DE221-74B9-48EC-9447-F45BF623268E}.Debug|Any CPU.Build.0 = Debug|Any CPU
		{BB7DE221-74B9-48EC-9447-F45BF623268E}.Release|Any CPU.ActiveCfg = Release|Any CPU
		{BB7DE221-74B9-48EC-9447-F45BF623268E}.Release|Any CPU.Build.0 = Release|Any CPU
	EndGlobalSection
	GlobalSection(SolutionProperties) = preSolution
		HideSolutionNode = FALSE
	EndGlobalSection
	GlobalSection(ExtensibilityGlobals) = postSolution
		SolutionGuid = {7AF820DC-602F-498A-9D13-7BA774DF2B97}
	EndGlobalSection
EndGlobal
