
Microsoft Visual Studio Solution File, Format Version 12.00
# Visual Studio Version 17
VisualStudioVersion = 17.2.32630.192
MinimumVisualStudioVersion = 10.0.40219.1
Project("{FAE04EC0-301F-11D3-BF4B-00C04F79EFBC}") = "ClassBoxData", "ClassBoxData\ClassBoxData.csproj", "{CCF2F15B-6DC7-4714-870F-90A610648088}"
EndProject
Global
	GlobalSection(SolutionConfigurationPlatforms) = preSolution
		Debug|Any CPU = Debug|Any CPU
		Release|Any CPU = Release|Any CPU
	EndGlobalSection
	GlobalSection(ProjectConfigurationPlatforms) = postSolution
		{CCF2F15B-6DC7-4714-870F-90A610648088}.Debug|Any CPU.ActiveCfg = Debug|Any CPU
		{CCF2F15B-6DC7-4714-870F-90A610648088}.Debug|Any CPU.Build.0 = Debug|Any CPU
		{CCF2F15B-6DC7-4714-870F-90A610648088}.Release|Any CPU.ActiveCfg = Release|Any CPU
		{CCF2F15B-6DC7-4714-870F-90A610648088}.Release|Any CPU.Build.0 = Release|Any CPU
	EndGlobalSection
	GlobalSection(SolutionProperties) = preSolution
		HideSolutionNode = FALSE
	EndGlobalSection
	GlobalSection(ExtensibilityGlobals) = postSolution
		SolutionGuid = {BF99C0D5-27AF-4C16-B5FE-11A6F2AFA223}
	EndGlobalSection
EndGlobal
