
Microsoft Visual Studio Solution File, Format Version 12.00
# Visual Studio Version 17
VisualStudioVersion = 17.2.32630.192
MinimumVisualStudioVersion = 10.0.40219.1
Project("{FAE04EC0-301F-11D3-BF4B-00C04F79EFBC}") = "Person", "Person\Person.csproj", "{4AA1AB2C-E502-4E3C-AEE7-8D9BF0DEE317}"
EndProject
Project("{FAE04EC0-301F-11D3-BF4B-00C04F79EFBC}") = "Zoo", "Zoo\Zoo.csproj", "{BF7E8040-02FB-4454-933E-E6365D43182A}"
EndProject
Project("{FAE04EC0-301F-11D3-BF4B-00C04F79EFBC}") = "PlayersAndMonsters", "PlayersAndMonsters\PlayersAndMonsters.csproj", "{1098B34D-2EF6-4E93-97CF-411A16FD8C90}"
EndProject
Global
	GlobalSection(SolutionConfigurationPlatforms) = preSolution
		Debug|Any CPU = Debug|Any CPU
		Release|Any CPU = Release|Any CPU
	EndGlobalSection
	GlobalSection(ProjectConfigurationPlatforms) = postSolution
		{4AA1AB2C-E502-4E3C-AEE7-8D9BF0DEE317}.Debug|Any CPU.ActiveCfg = Debug|Any CPU
		{4AA1AB2C-E502-4E3C-AEE7-8D9BF0DEE317}.Debug|Any CPU.Build.0 = Debug|Any CPU
		{4AA1AB2C-E502-4E3C-AEE7-8D9BF0DEE317}.Release|Any CPU.ActiveCfg = Release|Any CPU
		{4AA1AB2C-E502-4E3C-AEE7-8D9BF0DEE317}.Release|Any CPU.Build.0 = Release|Any CPU
		{BF7E8040-02FB-4454-933E-E6365D43182A}.Debug|Any CPU.ActiveCfg = Debug|Any CPU
		{BF7E8040-02FB-4454-933E-E6365D43182A}.Debug|Any CPU.Build.0 = Debug|Any CPU
		{BF7E8040-02FB-4454-933E-E6365D43182A}.Release|Any CPU.ActiveCfg = Release|Any CPU
		{BF7E8040-02FB-4454-933E-E6365D43182A}.Release|Any CPU.Build.0 = Release|Any CPU
		{1098B34D-2EF6-4E93-97CF-411A16FD8C90}.Debug|Any CPU.ActiveCfg = Debug|Any CPU
		{1098B34D-2EF6-4E93-97CF-411A16FD8C90}.Debug|Any CPU.Build.0 = Debug|Any CPU
		{1098B34D-2EF6-4E93-97CF-411A16FD8C90}.Release|Any CPU.ActiveCfg = Release|Any CPU
		{1098B34D-2EF6-4E93-97CF-411A16FD8C90}.Release|Any CPU.Build.0 = Release|Any CPU
	EndGlobalSection
	GlobalSection(SolutionProperties) = preSolution
		HideSolutionNode = FALSE
	EndGlobalSection
	GlobalSection(ExtensibilityGlobals) = postSolution
		SolutionGuid = {2492A247-E6C7-42F8-ABE3-FC92DF6E632D}
	EndGlobalSection
EndGlobal
