
Microsoft Visual Studio Solution File, Format Version 12.00
# Visual Studio Version 17
VisualStudioVersion = 17.2.32630.192
MinimumVisualStudioVersion = 10.0.40219.1
Project("{FAE04EC0-301F-11D3-BF4B-00C04F79EFBC}") = "Shapes", "Shapes\Shapes.csproj", "{7C357F63-1065-4A03-8659-D8FBF83C21EB}"
EndProject
Project("{FAE04EC0-301F-11D3-BF4B-00C04F79EFBC}") = "Cars", "Cars\Cars.csproj", "{AC13FE5D-FCCB-4D3D-A5CA-B55BECE98F6A}"
EndProject
Global
	GlobalSection(SolutionConfigurationPlatforms) = preSolution
		Debug|Any CPU = Debug|Any CPU
		Release|Any CPU = Release|Any CPU
	EndGlobalSection
	GlobalSection(ProjectConfigurationPlatforms) = postSolution
		{7C357F63-1065-4A03-8659-D8FBF83C21EB}.Debug|Any CPU.ActiveCfg = Debug|Any CPU
		{7C357F63-1065-4A03-8659-D8FBF83C21EB}.Debug|Any CPU.Build.0 = Debug|Any CPU
		{7C357F63-1065-4A03-8659-D8FBF83C21EB}.Release|Any CPU.ActiveCfg = Release|Any CPU
		{7C357F63-1065-4A03-8659-D8FBF83C21EB}.Release|Any CPU.Build.0 = Release|Any CPU
		{AC13FE5D-FCCB-4D3D-A5CA-B55BECE98F6A}.Debug|Any CPU.ActiveCfg = Debug|Any CPU
		{AC13FE5D-FCCB-4D3D-A5CA-B55BECE98F6A}.Debug|Any CPU.Build.0 = Debug|Any CPU
		{AC13FE5D-FCCB-4D3D-A5CA-B55BECE98F6A}.Release|Any CPU.ActiveCfg = Release|Any CPU
		{AC13FE5D-FCCB-4D3D-A5CA-B55BECE98F6A}.Release|Any CPU.Build.0 = Release|Any CPU
	EndGlobalSection
	GlobalSection(SolutionProperties) = preSolution
		HideSolutionNode = FALSE
	EndGlobalSection
	GlobalSection(ExtensibilityGlobals) = postSolution
		SolutionGuid = {2959A9B2-869F-464C-B446-C2ACA60FFEA8}
	EndGlobalSection
EndGlobal
